
Microsoft Visual Studio Solution File, Format Version 12.00
Project("{FAE04EC0-301F-11D3-BF4B-00C04F79EFBC}") = "DesktopUI", "DesktopUI\DesktopUI.csproj", "{5A0E724B-1A8E-4371-8EDE-7699537ED935}"
EndProject
Project("{2150E333-8FDC-42A3-9474-1A3956D46DE8}") = "LexicalParsers", "LexicalParsers", "{CC8E6F95-32D3-4386-AFCA-090BF35DE96C}"
EndProject
Project("{2150E333-8FDC-42A3-9474-1A3956D46DE8}") = "SyntaxParsers", "SyntaxParsers", "{128E360B-24B0-4BC9-A231-E040C3E5F99D}"
EndProject
Project("{FAE04EC0-301F-11D3-BF4B-00C04F79EFBC}") = "Shared", "LexicalParsers\Shared\Shared.csproj", "{4243B9B8-DBF6-4C64-975C-11E7E3734D72}"
EndProject
Project("{FAE04EC0-301F-11D3-BF4B-00C04F79EFBC}") = "Shared", "SyntaxParsers\Shared\Shared.csproj", "{53F6FFDD-958D-4BFD-A030-4DFC0ECB6172}"
EndProject
Project("{FAE04EC0-301F-11D3-BF4B-00C04F79EFBC}") = "Shared", "Shared\Shared.csproj", "{BC446AF4-9B99-4228-A307-1FBE55E13256}"
EndProject
Project("{2150E333-8FDC-42A3-9474-1A3956D46DE8}") = "Grammars", "Grammars", "{6A710233-88A2-48D5-9C50-AA3749273B9C}"
EndProject
Project("{FAE04EC0-301F-11D3-BF4B-00C04F79EFBC}") = "Shared", "Grammars\Shared\Shared.csproj", "{5FA2FA64-95FA-4747-9F44-D73F45E338F4}"
EndProject
Project("{2150E333-8FDC-42A3-9474-1A3956D46DE8}") = "BackusNaur", "BackusNaur", "{0F034766-333E-4AFD-A4C7-CD34FC6B0776}"
EndProject
Project("{FAE04EC0-301F-11D3-BF4B-00C04F79EFBC}") = "Grammar", "Grammars\BackusNaur\Grammar\Grammar.csproj", "{A0BD865F-F4B0-4895-B435-385370A8BEB4}"
EndProject
Project("{FAE04EC0-301F-11D3-BF4B-00C04F79EFBC}") = "Parser", "Grammars\BackusNaur\Parser\Parser.csproj", "{90AD5798-0595-4374-9D54-F841484BC338}"
EndProject
Project("{FAE04EC0-301F-11D3-BF4B-00C04F79EFBC}") = "Tests", "Grammars\BackusNaur\Tests\Tests.csproj", "{97E1457A-17FC-4C3D-B285-5B8393CD94A8}"
EndProject
Project("{2150E333-8FDC-42A3-9474-1A3956D46DE8}") = "RegexParser", "RegexParser", "{A8E5A588-42C9-4720-A687-27FCF30D5ADB}"
EndProject
Project("{FAE04EC0-301F-11D3-BF4B-00C04F79EFBC}") = "Tests", "LexicalParsers\RegexParser\Tests\Tests.csproj", "{8B094ED9-4289-41E8-9F9E-66B2184FC685}"
EndProject
Project("{FAE04EC0-301F-11D3-BF4B-00C04F79EFBC}") = "Parser", "LexicalParsers\RegexParser\Parser\Parser.csproj", "{D4B50E04-A2BD-47CE-B3DB-6968E143288D}"
EndProject
Project("{FAE04EC0-301F-11D3-BF4B-00C04F79EFBC}") = "TestPolygon", "TestPolygon\TestPolygon.csproj", "{5A2DCE10-E42F-4814-993E-3014AE115ECF}"
EndProject
Project("{2150E333-8FDC-42A3-9474-1A3956D46DE8}") = "PrecedenceParser", "PrecedenceParser", "{5B5A5F24-152F-4178-B32C-ABBAD004E3D7}"
EndProject
Project("{FAE04EC0-301F-11D3-BF4B-00C04F79EFBC}") = "Generator", "SyntaxParsers\PrecedenceParser\Generator\Generator.csproj", "{6F7EC0E3-997A-43F9-BC80-EAAE66AD0A7C}"
EndProject
Project("{FAE04EC0-301F-11D3-BF4B-00C04F79EFBC}") = "Parser", "SyntaxParsers\PrecedenceParser\Parser\Parser.csproj", "{34082096-5429-4DED-9196-7260956D4E82}"
EndProject
Project("{FAE04EC0-301F-11D3-BF4B-00C04F79EFBC}") = "Tests", "SyntaxParsers\PrecedenceParser\Tests\Tests.csproj", "{41B08194-27EA-47C0-926E-70062171834B}"
EndProject
Global
	GlobalSection(SolutionConfigurationPlatforms) = preSolution
		Debug|Any CPU = Debug|Any CPU
		Release|Any CPU = Release|Any CPU
	EndGlobalSection
	GlobalSection(ProjectConfigurationPlatforms) = postSolution
		{5A0E724B-1A8E-4371-8EDE-7699537ED935}.Debug|Any CPU.ActiveCfg = Debug|Any CPU
		{5A0E724B-1A8E-4371-8EDE-7699537ED935}.Debug|Any CPU.Build.0 = Debug|Any CPU
		{5A0E724B-1A8E-4371-8EDE-7699537ED935}.Release|Any CPU.ActiveCfg = Release|Any CPU
		{5A0E724B-1A8E-4371-8EDE-7699537ED935}.Release|Any CPU.Build.0 = Release|Any CPU
		{4243B9B8-DBF6-4C64-975C-11E7E3734D72}.Debug|Any CPU.ActiveCfg = Debug|Any CPU
		{4243B9B8-DBF6-4C64-975C-11E7E3734D72}.Debug|Any CPU.Build.0 = Debug|Any CPU
		{4243B9B8-DBF6-4C64-975C-11E7E3734D72}.Release|Any CPU.ActiveCfg = Release|Any CPU
		{4243B9B8-DBF6-4C64-975C-11E7E3734D72}.Release|Any CPU.Build.0 = Release|Any CPU
		{53F6FFDD-958D-4BFD-A030-4DFC0ECB6172}.Debug|Any CPU.ActiveCfg = Debug|Any CPU
		{53F6FFDD-958D-4BFD-A030-4DFC0ECB6172}.Debug|Any CPU.Build.0 = Debug|Any CPU
		{53F6FFDD-958D-4BFD-A030-4DFC0ECB6172}.Release|Any CPU.ActiveCfg = Release|Any CPU
		{53F6FFDD-958D-4BFD-A030-4DFC0ECB6172}.Release|Any CPU.Build.0 = Release|Any CPU
		{BC446AF4-9B99-4228-A307-1FBE55E13256}.Debug|Any CPU.ActiveCfg = Debug|Any CPU
		{BC446AF4-9B99-4228-A307-1FBE55E13256}.Debug|Any CPU.Build.0 = Debug|Any CPU
		{BC446AF4-9B99-4228-A307-1FBE55E13256}.Release|Any CPU.ActiveCfg = Release|Any CPU
		{BC446AF4-9B99-4228-A307-1FBE55E13256}.Release|Any CPU.Build.0 = Release|Any CPU
		{5FA2FA64-95FA-4747-9F44-D73F45E338F4}.Debug|Any CPU.ActiveCfg = Debug|Any CPU
		{5FA2FA64-95FA-4747-9F44-D73F45E338F4}.Debug|Any CPU.Build.0 = Debug|Any CPU
		{5FA2FA64-95FA-4747-9F44-D73F45E338F4}.Release|Any CPU.ActiveCfg = Release|Any CPU
		{5FA2FA64-95FA-4747-9F44-D73F45E338F4}.Release|Any CPU.Build.0 = Release|Any CPU
		{A0BD865F-F4B0-4895-B435-385370A8BEB4}.Debug|Any CPU.ActiveCfg = Debug|Any CPU
		{A0BD865F-F4B0-4895-B435-385370A8BEB4}.Debug|Any CPU.Build.0 = Debug|Any CPU
		{A0BD865F-F4B0-4895-B435-385370A8BEB4}.Release|Any CPU.ActiveCfg = Release|Any CPU
		{A0BD865F-F4B0-4895-B435-385370A8BEB4}.Release|Any CPU.Build.0 = Release|Any CPU
		{90AD5798-0595-4374-9D54-F841484BC338}.Debug|Any CPU.ActiveCfg = Debug|Any CPU
		{90AD5798-0595-4374-9D54-F841484BC338}.Debug|Any CPU.Build.0 = Debug|Any CPU
		{90AD5798-0595-4374-9D54-F841484BC338}.Release|Any CPU.ActiveCfg = Release|Any CPU
		{90AD5798-0595-4374-9D54-F841484BC338}.Release|Any CPU.Build.0 = Release|Any CPU
		{97E1457A-17FC-4C3D-B285-5B8393CD94A8}.Debug|Any CPU.ActiveCfg = Debug|Any CPU
		{97E1457A-17FC-4C3D-B285-5B8393CD94A8}.Debug|Any CPU.Build.0 = Debug|Any CPU
		{97E1457A-17FC-4C3D-B285-5B8393CD94A8}.Release|Any CPU.ActiveCfg = Release|Any CPU
		{97E1457A-17FC-4C3D-B285-5B8393CD94A8}.Release|Any CPU.Build.0 = Release|Any CPU
		{8B094ED9-4289-41E8-9F9E-66B2184FC685}.Debug|Any CPU.ActiveCfg = Debug|Any CPU
		{8B094ED9-4289-41E8-9F9E-66B2184FC685}.Debug|Any CPU.Build.0 = Debug|Any CPU
		{8B094ED9-4289-41E8-9F9E-66B2184FC685}.Release|Any CPU.ActiveCfg = Release|Any CPU
		{8B094ED9-4289-41E8-9F9E-66B2184FC685}.Release|Any CPU.Build.0 = Release|Any CPU
		{D4B50E04-A2BD-47CE-B3DB-6968E143288D}.Debug|Any CPU.ActiveCfg = Debug|Any CPU
		{D4B50E04-A2BD-47CE-B3DB-6968E143288D}.Debug|Any CPU.Build.0 = Debug|Any CPU
		{D4B50E04-A2BD-47CE-B3DB-6968E143288D}.Release|Any CPU.ActiveCfg = Release|Any CPU
		{D4B50E04-A2BD-47CE-B3DB-6968E143288D}.Release|Any CPU.Build.0 = Release|Any CPU
		{5A2DCE10-E42F-4814-993E-3014AE115ECF}.Debug|Any CPU.ActiveCfg = Debug|Any CPU
		{5A2DCE10-E42F-4814-993E-3014AE115ECF}.Debug|Any CPU.Build.0 = Debug|Any CPU
		{5A2DCE10-E42F-4814-993E-3014AE115ECF}.Release|Any CPU.ActiveCfg = Release|Any CPU
		{5A2DCE10-E42F-4814-993E-3014AE115ECF}.Release|Any CPU.Build.0 = Release|Any CPU
		{6F7EC0E3-997A-43F9-BC80-EAAE66AD0A7C}.Debug|Any CPU.ActiveCfg = Debug|Any CPU
		{6F7EC0E3-997A-43F9-BC80-EAAE66AD0A7C}.Debug|Any CPU.Build.0 = Debug|Any CPU
		{6F7EC0E3-997A-43F9-BC80-EAAE66AD0A7C}.Release|Any CPU.ActiveCfg = Release|Any CPU
		{6F7EC0E3-997A-43F9-BC80-EAAE66AD0A7C}.Release|Any CPU.Build.0 = Release|Any CPU
		{34082096-5429-4DED-9196-7260956D4E82}.Debug|Any CPU.ActiveCfg = Debug|Any CPU
		{34082096-5429-4DED-9196-7260956D4E82}.Debug|Any CPU.Build.0 = Debug|Any CPU
		{34082096-5429-4DED-9196-7260956D4E82}.Release|Any CPU.ActiveCfg = Release|Any CPU
		{34082096-5429-4DED-9196-7260956D4E82}.Release|Any CPU.Build.0 = Release|Any CPU
		{41B08194-27EA-47C0-926E-70062171834B}.Debug|Any CPU.ActiveCfg = Debug|Any CPU
		{41B08194-27EA-47C0-926E-70062171834B}.Debug|Any CPU.Build.0 = Debug|Any CPU
		{41B08194-27EA-47C0-926E-70062171834B}.Release|Any CPU.ActiveCfg = Release|Any CPU
		{41B08194-27EA-47C0-926E-70062171834B}.Release|Any CPU.Build.0 = Release|Any CPU
	EndGlobalSection
	GlobalSection(NestedProjects) = preSolution
		{4243B9B8-DBF6-4C64-975C-11E7E3734D72} = {CC8E6F95-32D3-4386-AFCA-090BF35DE96C}
		{53F6FFDD-958D-4BFD-A030-4DFC0ECB6172} = {128E360B-24B0-4BC9-A231-E040C3E5F99D}
		{5FA2FA64-95FA-4747-9F44-D73F45E338F4} = {6A710233-88A2-48D5-9C50-AA3749273B9C}
		{0F034766-333E-4AFD-A4C7-CD34FC6B0776} = {6A710233-88A2-48D5-9C50-AA3749273B9C}
		{A0BD865F-F4B0-4895-B435-385370A8BEB4} = {0F034766-333E-4AFD-A4C7-CD34FC6B0776}
		{90AD5798-0595-4374-9D54-F841484BC338} = {0F034766-333E-4AFD-A4C7-CD34FC6B0776}
		{97E1457A-17FC-4C3D-B285-5B8393CD94A8} = {0F034766-333E-4AFD-A4C7-CD34FC6B0776}
		{A8E5A588-42C9-4720-A687-27FCF30D5ADB} = {CC8E6F95-32D3-4386-AFCA-090BF35DE96C}
		{8B094ED9-4289-41E8-9F9E-66B2184FC685} = {A8E5A588-42C9-4720-A687-27FCF30D5ADB}
		{D4B50E04-A2BD-47CE-B3DB-6968E143288D} = {A8E5A588-42C9-4720-A687-27FCF30D5ADB}
		{5B5A5F24-152F-4178-B32C-ABBAD004E3D7} = {128E360B-24B0-4BC9-A231-E040C3E5F99D}
		{6F7EC0E3-997A-43F9-BC80-EAAE66AD0A7C} = {5B5A5F24-152F-4178-B32C-ABBAD004E3D7}
		{34082096-5429-4DED-9196-7260956D4E82} = {5B5A5F24-152F-4178-B32C-ABBAD004E3D7}
		{41B08194-27EA-47C0-926E-70062171834B} = {5B5A5F24-152F-4178-B32C-ABBAD004E3D7}
	EndGlobalSection
EndGlobal
